
Microsoft Visual Studio Solution File, Format Version 12.00
# Visual Studio Version 17
VisualStudioVersion = 17.14.36414.22 d17.14
MinimumVisualStudioVersion = 10.0.40219.1
Project("{FAE04EC0-301F-11D3-BF4B-00C04F79EFBC}") = "studioTeam", "studioTeam.csproj", "{0301F573-5946-4AFB-A972-8EE89C44E3F1}"
EndProject
Global
	GlobalSection(SolutionConfigurationPlatforms) = preSolution
		Debug|Any CPU = Debug|Any CPU
		Release|Any CPU = Release|Any CPU
	EndGlobalSection
	GlobalSection(ProjectConfigurationPlatforms) = postSolution
		{0301F573-5946-4AFB-A972-8EE89C44E3F1}.Debug|Any CPU.ActiveCfg = Debug|Any CPU
		{0301F573-5946-4AFB-A972-8EE89C44E3F1}.Debug|Any CPU.Build.0 = Debug|Any CPU
		{0301F573-5946-4AFB-A972-8EE89C44E3F1}.Release|Any CPU.ActiveCfg = Release|Any CPU
		{0301F573-5946-4AFB-A972-8EE89C44E3F1}.Release|Any CPU.Build.0 = Release|Any CPU
	EndGlobalSection
	GlobalSection(SolutionProperties) = preSolution
		HideSolutionNode = FALSE
	EndGlobalSection
	GlobalSection(ExtensibilityGlobals) = postSolution
		SolutionGuid = {309229FF-3459-4465-B19D-B9CFE6D28F7A}
	EndGlobalSection
EndGlobal
